
Microsoft Visual Studio Solution File, Format Version 12.00
# Visual Studio Version 16
VisualStudioVersion = 16.0.31112.23
MinimumVisualStudioVersion = 10.0.40219.1
Project("{FAE04EC0-301F-11D3-BF4B-00C04F79EFBC}") = "ComparateurClient", "ComparateurClient.csproj", "{FD1D2317-99E7-4B08-943F-47CE8A1C363A}"
EndProject
Global
	GlobalSection(SolutionConfigurationPlatforms) = preSolution
		Debug|Any CPU = Debug|Any CPU
		Release|Any CPU = Release|Any CPU
	EndGlobalSection
	GlobalSection(ProjectConfigurationPlatforms) = postSolution
		{FD1D2317-99E7-4B08-943F-47CE8A1C363A}.Debug|Any CPU.ActiveCfg = Debug|Any CPU
		{FD1D2317-99E7-4B08-943F-47CE8A1C363A}.Debug|Any CPU.Build.0 = Debug|Any CPU
		{FD1D2317-99E7-4B08-943F-47CE8A1C363A}.Release|Any CPU.ActiveCfg = Release|Any CPU
		{FD1D2317-99E7-4B08-943F-47CE8A1C363A}.Release|Any CPU.Build.0 = Release|Any CPU
	EndGlobalSection
	GlobalSection(SolutionProperties) = preSolution
		HideSolutionNode = FALSE
	EndGlobalSection
	GlobalSection(ExtensibilityGlobals) = postSolution
		SolutionGuid = {079309E3-7CE4-4DDB-9822-318F7C1F96B3}
	EndGlobalSection
EndGlobal
