
Microsoft Visual Studio Solution File, Format Version 12.00
# Visual Studio Version 16
VisualStudioVersion = 16.0.31112.23
MinimumVisualStudioVersion = 10.0.40219.1
Project("{FAE04EC0-301F-11D3-BF4B-00C04F79EFBC}") = "Comparateur", "Comparateur.csproj", "{573986A2-B772-4630-A40E-DE57E386A607}"
EndProject
Global
	GlobalSection(SolutionConfigurationPlatforms) = preSolution
		Debug|Any CPU = Debug|Any CPU
		Release|Any CPU = Release|Any CPU
	EndGlobalSection
	GlobalSection(ProjectConfigurationPlatforms) = postSolution
		{573986A2-B772-4630-A40E-DE57E386A607}.Debug|Any CPU.ActiveCfg = Debug|Any CPU
		{573986A2-B772-4630-A40E-DE57E386A607}.Debug|Any CPU.Build.0 = Debug|Any CPU
		{573986A2-B772-4630-A40E-DE57E386A607}.Release|Any CPU.ActiveCfg = Release|Any CPU
		{573986A2-B772-4630-A40E-DE57E386A607}.Release|Any CPU.Build.0 = Release|Any CPU
	EndGlobalSection
	GlobalSection(SolutionProperties) = preSolution
		HideSolutionNode = FALSE
	EndGlobalSection
	GlobalSection(ExtensibilityGlobals) = postSolution
		SolutionGuid = {6D62AB9B-DF9A-44D7-9B86-022CF202DF55}
	EndGlobalSection
EndGlobal
